
Microsoft Visual Studio Solution File, Format Version 12.00
# Visual Studio Version 16
VisualStudioVersion = 16.0.30717.126
MinimumVisualStudioVersion = 10.0.40219.1
Project("{FAE04EC0-301F-11D3-BF4B-00C04F79EFBC}") = "TestProject", "TestProject.csproj", "{414C4B57-CC06-4C1F-A134-F89257C08D1B}"
EndProject
Global
	GlobalSection(SolutionConfigurationPlatforms) = preSolution
		Debug|Any CPU = Debug|Any CPU
		Release|Any CPU = Release|Any CPU
	EndGlobalSection
	GlobalSection(ProjectConfigurationPlatforms) = postSolution
		{414C4B57-CC06-4C1F-A134-F89257C08D1B}.Debug|Any CPU.ActiveCfg = Debug|Any CPU
		{414C4B57-CC06-4C1F-A134-F89257C08D1B}.Debug|Any CPU.Build.0 = Debug|Any CPU
		{414C4B57-CC06-4C1F-A134-F89257C08D1B}.Release|Any CPU.ActiveCfg = Release|Any CPU
		{414C4B57-CC06-4C1F-A134-F89257C08D1B}.Release|Any CPU.Build.0 = Release|Any CPU
	EndGlobalSection
	GlobalSection(SolutionProperties) = preSolution
		HideSolutionNode = FALSE
	EndGlobalSection
	GlobalSection(ExtensibilityGlobals) = postSolution
		SolutionGuid = {C25AB835-ECD6-4262-A49D-5EF40DCC659E}
	EndGlobalSection
EndGlobal
